PODS:
  - Alamofire (5.0.0-rc.2)
  - Kingfisher (6.1.1)
  - Moya/Core (14.0.0-beta.2):
    - Alamofire (= 5.0.0-rc.2)
  - Moya/RxSwift (14.0.0-beta.2):
    - Moya/Core
    - RxSwift (~> 5.0)
  - PokemonSDK (0.0.24):
    - Kingfisher
    - Moya/RxSwift (= 14.0.0-beta.2)
    - RxCocoa
    - RxGesture
  - RxCocoa (5.1.1):
    - RxRelay (~> 5)
    - RxSwift (~> 5)
  - RxGesture (3.0.2):
    - RxCocoa (~> 5.1)
    - RxSwift (~> 5.1)
  - RxRelay (5.1.1):
    - RxSwift (~> 5)
  - RxSwift (5.1.2)

DEPENDENCIES:
  - PokemonSDK (from `https://github.com/abbassabeti/PokemonSDK.git`, tag `0.0.24`)

SPEC REPOS:
  https://github.com/CocoaPods/Specs.git:
    - Alamofire
    - Kingfisher
    - Moya
    - RxCocoa
    - RxGesture
    - RxRelay
    - RxSwift

EXTERNAL SOURCES:
  PokemonSDK:
    :git: https://github.com/abbassabeti/PokemonSDK.git
    :tag: 0.0.24

CHECKOUT OPTIONS:
  PokemonSDK:
    :git: https://github.com/abbassabeti/PokemonSDK.git
    :tag: 0.0.24

SPEC CHECKSUMS:
  Alamofire: f9450d3c7f6bea2ad62e7a541c3e9b186c7991d6
  Kingfisher: 676d63307fbef6ed5d5ed400bff36983480d7500
  Moya: 788e592b92fadb10e30d350ed1a9f75c91eb1368
  PokemonSDK: bca8a38e0ec396337c149b8a5aea90acd5c81c1f
  RxCocoa: 32065309a38d29b5b0db858819b5bf9ef038b601
  RxGesture: d6bd7447ca3a596c7a9702a6a2b6a2bb5d8bae54
  RxRelay: d77f7d771495f43c556cbc43eebd1bb54d01e8e9
  RxSwift: 1e2e1f9570186967f617e49128ed26ccf1bafc8e

PODFILE CHECKSUM: a6699a4a4b46311a8ac49a9464a2a19d727065e2

COCOAPODS: 1.10.1
